// !$*UTF8*$!
{
	archiveVersion = 1;
	classes = {
	};
	objectVersion = 51;
	objects = {

/* Begin PBXBuildFile section */
		A5D06E6C8123A91D30FC298E /* Pods_WikiSearch.framework in Frameworks */ = {isa = PBXBuildFile; fileRef = 9B0EE189B024263168CA8AE5 /* Pods_WikiSearch.framework */; };
		CE1BFA0823EE90CF002CF249 /* AppDelegate.swift in Sources */ = {isa = PBXBuildFile; fileRef = CE1BFA0723EE90CF002CF249 /* AppDelegate.swift */; };
		CE1BFA0A23EE90CF002CF249 /* SceneDelegate.swift in Sources */ = {isa = PBXBuildFile; fileRef = CE1BFA0923EE90CF002CF249 /* SceneDelegate.swift */; };
		CE1BFA0F23EE90CF002CF249 /* Main.storyboard in Resources */ = {isa = PBXBuildFile; fileRef = CE1BFA0D23EE90CF002CF249 /* Main.storyboard */; };
		CE1BFA1123EE90D0002CF249 /* Assets.xcassets in Resources */ = {isa = PBXBuildFile; fileRef = CE1BFA1023EE90D0002CF249 /* Assets.xcassets */; };
		CE1BFA1423EE90D0002CF249 /* LaunchScreen.storyboard in Resources */ = {isa = PBXBuildFile; fileRef = CE1BFA1223EE90D0002CF249 /* LaunchScreen.storyboard */; };
		CE4F3B9423EF3281007585F5 /* APIRequestFetcher.swift in Sources */ = {isa = PBXBuildFile; fileRef = CE4F3B9323EF3281007585F5 /* APIRequestFetcher.swift */; };
		CE67D64723EF2631006756ED /* CustomTableViewCell.swift in Sources */ = {isa = PBXBuildFile; fileRef = CE67D64623EF2631006756ED /* CustomTableViewCell.swift */; };
		CE67D64923EF2DEB006756ED /* SearchResultsTableViewController.swift in Sources */ = {isa = PBXBuildFile; fileRef = CE67D64823EF2DEB006756ED /* SearchResultsTableViewController.swift */; };
/* End PBXBuildFile section */

/* Begin PBXFileReference section */
		646DBA7213D0DCE785009890 /* Pods-WikiSearch.release.xcconfig */ = {isa = PBXFileReference; includeInIndex = 1; lastKnownFileType = text.xcconfig; name = "Pods-WikiSearch.release.xcconfig"; path = "Target Support Files/Pods-WikiSearch/Pods-WikiSearch.release.xcconfig"; sourceTree = "<group>"; };
		818E4FD04C9221406D67749C /* Pods-WikiSearch.debug.xcconfig */ = {isa = PBXFileReference; includeInIndex = 1; lastKnownFileType = text.xcconfig; name = "Pods-WikiSearch.debug.xcconfig"; path = "Target Support Files/Pods-WikiSearch/Pods-WikiSearch.debug.xcconfig"; sourceTree = "<group>"; };
		9B0EE189B024263168CA8AE5 /* Pods_WikiSearch.framework */ = {isa = PBXFileReference; explicitFileType = wrapper.framework; includeInIndex = 0; path = Pods_WikiSearch.framework; sourceTree = BUILT_PRODUCTS_DIR; };
		CE1BFA0423EE90CF002CF249 /* WikiSearch.app */ = {isa = PBXFileReference; explicitFileType = wrapper.application; includeInIndex = 0; path = WikiSearch.app; sourceTree = BUILT_PRODUCTS_DIR; };
		CE1BFA0723EE90CF002CF249 /* AppDelegate.swift */ = {isa = PBXFileReference; lastKnownFileType = sourcecode.swift; path = AppDelegate.swift; sourceTree = "<group>"; };
		CE1BFA0923EE90CF002CF249 /* SceneDelegate.swift */ = {isa = PBXFileReference; lastKnownFileType = sourcecode.swift; path = SceneDelegate.swift; sourceTree = "<group>"; };
		CE1BFA0E23EE90CF002CF249 /* Base */ = {isa = PBXFileReference; lastKnownFileType = file.storyboard; name = Base; path = Base.lproj/Main.storyboard; sourceTree = "<group>"; };
		CE1BFA1023EE90D0002CF249 /* Assets.xcassets */ = {isa = PBXFileReference; lastKnownFileType = folder.assetcatalog; path = Assets.xcassets; sourceTree = "<group>"; };
		CE1BFA1323EE90D0002CF249 /* Base */ = {isa = PBXFileReference; lastKnownFileType = file.storyboard; name = Base; path = Base.lproj/LaunchScreen.storyboard; sourceTree = "<group>"; };
		CE1BFA1523EE90D0002CF249 /* Info.plist */ = {isa = PBXFileReference; lastKnownFileType = text.plist.xml; path = Info.plist; sourceTree = "<group>"; };
		CE4F3B9323EF3281007585F5 /* APIRequestFetcher.swift */ = {isa = PBXFileReference; lastKnownFileType = sourcecode.swift; path = APIRequestFetcher.swift; sourceTree = "<group>"; };
		CE67D64623EF2631006756ED /* CustomTableViewCell.swift */ = {isa = PBXFileReference; lastKnownFileType = sourcecode.swift; path = "\U0010\U0010\U0010\U0010\U0010\U0010\U0010\U0010\U0010\U0010\U0010\U0010\U0010\U0010\U0010\U0010\U0010\U0010\U0010\U0010\U0010\U0010\U0010\U0010\U0010\U0010\U0010\U0010\U0010\U0010\U0010\U0010\U0010\U0010\U0010CustomTableViewCell\U0010\U0010.swift"; sourceTree = "<group>"; };
		CE67D64823EF2DEB006756ED /* SearchResultsTableViewController.swift */ = {isa = PBXFileReference; lastKnownFileType = sourcecode.swift; path = SearchResultsTableViewController.swift; sourceTree = "<group>"; };
/* End PBXFileReference section */

/* Begin PBXFrameworksBuildPhase section */
		CE1BFA0123EE90CF002CF249 /* Frameworks */ = {
			isa = PBXFrameworksBuildPhase;
			buildActionMask = 2147483647;
			files = (
				A5D06E6C8123A91D30FC298E /* Pods_WikiSearch.framework in Frameworks */,
			);
			runOnlyForDeploymentPostprocessing = 0;
		};
/* End PBXFrameworksBuildPhase section */

/* Begin PBXGroup section */
		1C00167722F473C84C0ADD8C /* Pods */ = {
			isa = PBXGroup;
			children = (
				818E4FD04C9221406D67749C /* Pods-WikiSearch.debug.xcconfig */,
				646DBA7213D0DCE785009890 /* Pods-WikiSearch.release.xcconfig */,
			);
			path = Pods;
			sourceTree = "<group>";
		};
		CE1BF9FB23EE90CF002CF249 = {
			isa = PBXGroup;
			children = (
				CE1BFA0623EE90CF002CF249 /* WikiSearch */,
				CE1BFA0523EE90CF002CF249 /* Products */,
				1C00167722F473C84C0ADD8C /* Pods */,
				EE189B861169FAD5A38A721E /* Frameworks */,
			);
			sourceTree = "<group>";
		};
		CE1BFA0523EE90CF002CF249 /* Products */ = {
			isa = PBXGroup;
			children = (
				CE1BFA0423EE90CF002CF249 /* WikiSearch.app */,
			);
			name = Products;
			sourceTree = "<group>";
		};
		CE1BFA0623EE90CF002CF249 /* WikiSearch */ = {
			isa = PBXGroup;
			children = (
				CE1BFA0723EE90CF002CF249 /* AppDelegate.swift */,
				CE1BFA0923EE90CF002CF249 /* SceneDelegate.swift */,
				CE1BFA0D23EE90CF002CF249 /* Main.storyboard */,
				CE1BFA1023EE90D0002CF249 /* Assets.xcassets */,
				CE1BFA1223EE90D0002CF249 /* LaunchScreen.storyboard */,
				CE1BFA1523EE90D0002CF249 /* Info.plist */,
				CE67D64623EF2631006756ED /* CustomTableViewCell.swift */,
				CE67D64823EF2DEB006756ED /* SearchResultsTableViewController.swift */,
				CE4F3B9323EF3281007585F5 /* APIRequestFetcher.swift */,
			);
			path = WikiSearch;
			sourceTree = "<group>";
		};
		EE189B861169FAD5A38A721E /* Frameworks */ = {
			isa = PBXGroup;
			children = (
				9B0EE189B024263168CA8AE5 /* Pods_WikiSearch.framework */,
			);
			name = Frameworks;
			sourceTree = "<group>";
		};
/* End PBXGroup section */

/* Begin PBXNativeTarget section */
		CE1BFA0323EE90CF002CF249 /* WikiSearch */ = {
			isa = PBXNativeTarget;
			buildConfigurationList = CE1BFA1823EE90D0002CF249 /* Build configuration list for PBXNativeTarget "WikiSearch" */;
			buildPhases = (
				7EED42606335853E0A63BFC3 /* [CP] Check Pods Manifest.lock */,
				CE1BFA0023EE90CF002CF249 /* Sources */,
				CE1BFA0123EE90CF002CF249 /* Frameworks */,
				CE1BFA0223EE90CF002CF249 /* Resources */,
				C5CD04FD27115857F51B3DDF /* [CP] Embed Pods Frameworks */,
			);
			buildRules = (
			);
			dependencies = (
			);
			name = WikiSearch;
			productName = WikiSearch;
			productReference = CE1BFA0423EE90CF002CF249 /* WikiSearch.app */;
			productType = "com.apple.product-type.application";
		};
/* End PBXNativeTarget section */

/* Begin PBXProject section */
		CE1BF9FC23EE90CF002CF249 /* Project object */ = {
			isa = PBXProject;
			attributes = {
				LastSwiftUpdateCheck = 1130;
				LastUpgradeCheck = 1130;
				ORGANIZATIONNAME = sachith;
				TargetAttributes = {
					CE1BFA0323EE90CF002CF249 = {
						CreatedOnToolsVersion = 11.3.1;
					};
				};
			};
			buildConfigurationList = CE1BF9FF23EE90CF002CF249 /* Build configuration list for PBXProject "WikiSearch" */;
			compatibilityVersion = "Xcode 9.3";
			developmentRegion = en;
			hasScannedForEncodings = 0;
			knownRegions = (
				en,
				Base,
			);
			mainGroup = CE1BF9FB23EE90CF002CF249;
			productRefGroup = CE1BFA0523EE90CF002CF249 /* Products */;
			projectDirPath = "";
			projectRoot = "";
			targets = (
				CE1BFA0323EE90CF002CF249 /* WikiSearch */,
			);
		};
/* End PBXProject section */

/* Begin PBXResourcesBuildPhase section */
		CE1BFA0223EE90CF002CF249 /* Resources */ = {
			isa = PBXResourcesBuildPhase;
			buildActionMask = 2147483647;
			files = (
				CE1BFA1423EE90D0002CF249 /* LaunchScreen.storyboard in Resources */,
				CE1BFA1123EE90D0002CF249 /* Assets.xcassets in Resources */,
				CE1BFA0F23EE90CF002CF249 /* Main.storyboard in Resources */,
			);
			runOnlyForDeploymentPostprocessing = 0;
		};
/* End PBXResourcesBuildPhase section */

/* Begin PBXShellScriptBuildPhase section */
		7EED42606335853E0A63BFC3 /* [CP] Check Pods Manifest.lock */ = {
			isa = PBXShellScriptBuildPhase;
			buildActionMask = 2147483647;
			files = (
			);
			inputFileListPaths = (
			);
			inputPaths = (
				"${PODS_PODFILE_DIR_PATH}/Podfile.lock",
				"${PODS_ROOT}/Manifest.lock",
			);
			name = "[CP] Check Pods Manifest.lock";
			outputFileListPaths = (
			);
			outputPaths = (
				"$(DERIVED_FILE_DIR)/Pods-WikiSearch-checkManifestLockResult.txt",
			);
			runOnlyForDeploymentPostprocessing = 0;
			shellPath = /bin/sh;
			shellScript = "diff \"${PODS_PODFILE_DIR_PATH}/Podfile.lock\" \"${PODS_ROOT}/Manifest.lock\" > /dev/null\nif [ $? != 0 ] ; then\n    # print error to STDERR\n    echo \"error: The sandbox is not in sync with the Podfile.lock. Run 'pod install' or update your CocoaPods installation.\" >&2\n    exit 1\nfi\n# This output is used by Xcode 'outputs' to avoid re-running this script phase.\necho \"SUCCESS\" > \"${SCRIPT_OUTPUT_FILE_0}\"\n";
			showEnvVarsInLog = 0;
		};
		C5CD04FD27115857F51B3DDF /* [CP] Embed Pods Frameworks */ = {
			isa = PBXShellScriptBuildPhase;
			buildActionMask = 2147483647;
			files = (
			);
			inputFileListPaths = (
				"${PODS_ROOT}/Target Support Files/Pods-WikiSearch/Pods-WikiSearch-frameworks-${CONFIGURATION}-input-files.xcfilelist",
			);
			name = "[CP] Embed Pods Frameworks";
			outputFileListPaths = (
				"${PODS_ROOT}/Target Support Files/Pods-WikiSearch/Pods-WikiSearch-frameworks-${CONFIGURATION}-output-files.xcfilelist",
			);
			runOnlyForDeploymentPostprocessing = 0;
			shellPath = /bin/sh;
			shellScript = "\"${PODS_ROOT}/Target Support Files/Pods-WikiSearch/Pods-WikiSearch-frameworks.sh\"\n";
			showEnvVarsInLog = 0;
		};
/* End PBXShellScriptBuildPhase section */

/* Begin PBXSourcesBuildPhase section */
		CE1BFA0023EE90CF002CF249 /* Sources */ = {
			isa = PBXSourcesBuildPhase;
			buildActionMask = 2147483647;
			files = (
				CE4F3B9423EF3281007585F5 /* APIRequestFetcher.swift in Sources */,
				CE1BFA0823EE90CF002CF249 /* AppDelegate.swift in Sources */,
				CE67D64923EF2DEB006756ED /* SearchResultsTableViewController.swift in Sources */,
				CE67D64723EF2631006756ED /* CustomTableViewCell.swift in Sources */,
				CE1BFA0A23EE90CF002CF249 /* SceneDelegate.swift in Sources */,
			);
			runOnlyForDeploymentPostprocessing = 0;
		};
/* End PBXSourcesBuildPhase section */

/* Begin PBXVariantGroup section */
		CE1BFA0D23EE90CF002CF249 /* Main.storyboard */ = {
			isa = PBXVariantGroup;
			children = (
				CE1BFA0E23EE90CF002CF249 /* Base */,
			);
			name = Main.storyboard;
			sourceTree = "<group>";
		};
		CE1BFA1223EE90D0002CF249 /* LaunchScreen.storyboard */ = {
			isa = PBXVariantGroup;
			children = (
				CE1BFA1323EE90D0002CF249 /* Base */,
			);
			name = LaunchScreen.storyboard;
			sourceTree = "<group>";
		};
/* End PBXVariantGroup section */

/* Begin XCBuildConfiguration section */
		CE1BFA1623EE90D0002CF249 /* Debug */ = {
			isa = XCBuildConfiguration;
			buildSettings = {
				ALWAYS_SEARCH_USER_PATHS = NO;
				CLANG_ANALYZER_NONNULL = YES;
				CLANG_ANALYZER_NUMBER_OBJECT_CONVERSION = YES_AGGRESSIVE;
				CLANG_CXX_LANGUAGE_STANDARD = "gnu++14";
				CLANG_CXX_LIBRARY = "libc++";
				CLANG_ENABLE_MODULES = YES;
				CLANG_ENABLE_OBJC_ARC = YES;
				CLANG_ENABLE_OBJC_WEAK = YES;
				CLANG_WARN_BLOCK_CAPTURE_AUTORELEASING = YES;
				CLANG_WARN_BOOL_CONVERSION = YES;
				CLANG_WARN_COMMA = YES;
				CLANG_WARN_CONSTANT_CONVERSION = YES;
				CLANG_WARN_DEPRECATED_OBJC_IMPLEMENTATIONS = YES;
				CLANG_WARN_DIRECT_OBJC_ISA_USAGE = YES_ERROR;
				CLANG_WARN_DOCUMENTATION_COMMENTS = YES;
				CLANG_WARN_EMPTY_BODY = YES;
				CLANG_WARN_ENUM_CONVERSION = YES;
				CLANG_WARN_INFINITE_RECURSION = YES;
				CLANG_WARN_INT_CONVERSION = YES;
				CLANG_WARN_NON_LITERAL_NULL_CONVERSION = YES;
				CLANG_WARN_OBJC_IMPLICIT_RETAIN_SELF = YES;
				CLANG_WARN_OBJC_LITERAL_CONVERSION = YES;
				CLANG_WARN_OBJC_ROOT_CLASS = YES_ERROR;
				CLANG_WARN_RANGE_LOOP_ANALYSIS = YES;
				CLANG_WARN_STRICT_PROTOTYPES = YES;
				CLANG_WARN_SUSPICIOUS_MOVE = YES;
				CLANG_WARN_UNGUARDED_AVAILABILITY = YES_AGGRESSIVE;
				CLANG_WARN_UNREACHABLE_CODE = YES;
				CLANG_WARN__DUPLICATE_METHOD_MATCH = YES;
				COPY_PHASE_STRIP = NO;
				DEBUG_INFORMATION_FORMAT = dwarf;
				ENABLE_STRICT_OBJC_MSGSEND = YES;
				ENABLE_TESTABILITY = YES;
				GCC_C_LANGUAGE_STANDARD = gnu11;
				GCC_DYNAMIC_NO_PIC = NO;
				GCC_NO_COMMON_BLOCKS = YES;
				GCC_OPTIMIZATION_LEVEL = 0;
				GCC_PREPROCESSOR_DEFINITIONS = (
					"DEBUG=1",
					"$(inherited)",
				);
				GCC_WARN_64_TO_32_BIT_CONVERSION = YES;
				GCC_WARN_ABOUT_RETURN_TYPE = YES_ERROR;
				GCC_WARN_UNDECLARED_SELECTOR = YES;
				GCC_WARN_UNINITIALIZED_AUTOS = YES_AGGRESSIVE;
				GCC_WARN_UNUSED_FUNCTION = YES;
				GCC_WARN_UNUSED_VARIABLE = YES;
				IPHONEOS_DEPLOYMENT_TARGET = 13.2;
				MTL_ENABLE_DEBUG_INFO = INCLUDE_SOURCE;
				MTL_FAST_MATH = YES;
				ONLY_ACTIVE_ARCH = YES;
				SDKROOT = iphoneos;
				SWIFT_ACTIVE_COMPILATION_CONDITIONS = DEBUG;
				SWIFT_OPTIMIZATION_LEVEL = "-Onone";
			};
			name = Debug;
		};
		CE1BFA1723EE90D0002CF249 /* Release */ = {
			isa = XCBuildConfiguration;
			buildSettings = {
				ALWAYS_SEARCH_USER_PATHS = NO;
				CLANG_ANALYZER_NONNULL = YES;
				CLANG_ANALYZER_NUMBER_OBJECT_CONVERSION = YES_AGGRESSIVE;
				CLANG_CXX_LANGUAGE_STANDARD = "gnu++14";
				CLANG_CXX_LIBRARY = "libc++";
				CLANG_ENABLE_MODULES = YES;
				CLANG_ENABLE_OBJC_ARC = YES;
				CLANG_ENABLE_OBJC_WEAK = YES;
				CLANG_WARN_BLOCK_CAPTURE_AUTORELEASING = YES;
				CLANG_WARN_BOOL_CONVERSION = YES;
				CLANG_WARN_COMMA = YES;
				CLANG_WARN_CONSTANT_CONVERSION = YES;
				CLANG_WARN_DEPRECATED_OBJC_IMPLEMENTATIONS = YES;
				CLANG_WARN_DIRECT_OBJC_ISA_USAGE = YES_ERROR;
				CLANG_WARN_DOCUMENTATION_COMMENTS = YES;
				CLANG_WARN_EMPTY_BODY = YES;
				CLANG_WARN_ENUM_CONVERSION = YES;
				CLANG_WARN_INFINITE_RECURSION = YES;
				CLANG_WARN_INT_CONVERSION = YES;
				CLANG_WARN_NON_LITERAL_NULL_CONVERSION = YES;
				CLANG_WARN_OBJC_IMPLICIT_RETAIN_SELF = YES;
				CLANG_WARN_OBJC_LITERAL_CONVERSION = YES;
				CLANG_WARN_OBJC_ROOT_CLASS = YES_ERROR;
				CLANG_WARN_RANGE_LOOP_ANALYSIS = YES;
				CLANG_WARN_STRICT_PROTOTYPES = YES;
				CLANG_WARN_SUSPICIOUS_MOVE = YES;
				CLANG_WARN_UNGUARDED_AVAILABILITY = YES_AGGRESSIVE;
				CLANG_WARN_UNREACHABLE_CODE = YES;
				CLANG_WARN__DUPLICATE_METHOD_MATCH = YES;
				COPY_PHASE_STRIP = NO;
				DEBUG_INFORMATION_FORMAT = "dwarf-with-dsym";
				ENABLE_NS_ASSERTIONS = NO;
				ENABLE_STRICT_OBJC_MSGSEND = YES;
				GCC_C_LANGUAGE_STANDARD = gnu11;
				GCC_NO_COMMON_BLOCKS = YES;
				GCC_WARN_64_TO_32_BIT_CONVERSION = YES;
				GCC_WARN_ABOUT_RETURN_TYPE = YES_ERROR;
				GCC_WARN_UNDECLARED_SELECTOR = YES;
				GCC_WARN_UNINITIALIZED_AUTOS = YES_AGGRESSIVE;
				GCC_WARN_UNUSED_FUNCTION = YES;
				GCC_WARN_UNUSED_VARIABLE = YES;
				IPHONEOS_DEPLOYMENT_TARGET = 13.2;
				MTL_ENABLE_DEBUG_INFO = NO;
				MTL_FAST_MATH = YES;
				SDKROOT = iphoneos;
				SWIFT_COMPILATION_MODE = wholemodule;
				SWIFT_OPTIMIZATION_LEVEL = "-O";
				VALIDATE_PRODUCT = YES;
			};
			name = Release;
		};
		CE1BFA1923EE90D0002CF249 /* Debug */ = {
			isa = XCBuildConfiguration;
			baseConfigurationReference = 818E4FD04C9221406D67749C /* Pods-WikiSearch.debug.xcconfig */;
			buildSettings = {
				ASSETCATALOG_COMPILER_APPICON_NAME = AppIcon;
				CODE_SIGN_STYLE = Automatic;
				INFOPLIST_FILE = WikiSearch/Info.plist;
				LD_RUNPATH_SEARCH_PATHS = (
					"$(inherited)",
					"@executable_path/Frameworks",
				);
				PRODUCT_BUNDLE_IDENTIFIER = com.sachith.WikiSearch;
				PRODUCT_NAME = "$(TARGET_NAME)";
				SWIFT_VERSION = 5.0;
				TARGETED_DEVICE_FAMILY = "1,2";
			};
			name = Debug;
		};
		CE1BFA1A23EE90D0002CF249 /* Release */ = {
			isa = XCBuildConfiguration;
			baseConfigurationReference = 646DBA7213D0DCE785009890 /* Pods-WikiSearch.release.xcconfig */;
			buildSettings = {
				ASSETCATALOG_COMPILER_APPICON_NAME = AppIcon;
				CODE_SIGN_STYLE = Automatic;
				INFOPLIST_FILE = WikiSearch/Info.plist;
				LD_RUNPATH_SEARCH_PATHS = (
					"$(inherited)",
					"@executable_path/Frameworks",
				);
				PRODUCT_BUNDLE_IDENTIFIER = com.sachith.WikiSearch;
				PRODUCT_NAME = "$(TARGET_NAME)";
				SWIFT_VERSION = 5.0;
				TARGETED_DEVICE_FAMILY = "1,2";
			};
			name = Release;
		};
/* End XCBuildConfiguration section */

/* Begin XCConfigurationList section */
		CE1BF9FF23EE90CF002CF249 /* Build configuration list for PBXProject "WikiSearch" */ = {
			isa = XCConfigurationList;
			buildConfigurations = (
				CE1BFA1623EE90D0002CF249 /* Debug */,
				CE1BFA1723EE90D0002CF249 /* Release */,
			);
			defaultConfigurationIsVisible = 0;
			defaultConfigurationName = Release;
		};
		CE1BFA1823EE90D0002CF249 /* Build configuration list for PBXNativeTarget "WikiSearch" */ = {
			isa = XCConfigurationList;
			buildConfigurations = (
				CE1BFA1923EE90D0002CF249 /* Debug */,
				CE1BFA1A23EE90D0002CF249 /* Release */,
			);
			defaultConfigurationIsVisible = 0;
			defaultConfigurationName = Release;
		};
/* End XCConfigurationList section */
	};
	rootObject = CE1BF9FC23EE90CF002CF249 /* Project object */;
}
